// !$*UTF8*$!
{
	archiveVersion = 1;
	classes = {
	};
	objectVersion = 50;
	objects = {

/* Begin PBXBuildFile section */
		6408CB9821D4113000E73ACA /* AppDelegate.swift in Sources */ = {isa = PBXBuildFile; fileRef = 6408CB9721D4113000E73ACA /* AppDelegate.swift */; };
		6408CB9A21D4113000E73ACA /* ViewController.swift in Sources */ = {isa = PBXBuildFile; fileRef = 6408CB9921D4113000E73ACA /* ViewController.swift */; };
		6408CB9D21D4113000E73ACA /* Main.storyboard in Resources */ = {isa = PBXBuildFile; fileRef = 6408CB9B21D4113000E73ACA /* Main.storyboard */; };
		6408CBA021D4113000E73ACA /* UMDBusMap.xcdatamodeld in Sources */ = {isa = PBXBuildFile; fileRef = 6408CB9E21D4113000E73ACA /* UMDBusMap.xcdatamodeld */; };
		6408CBA221D4113200E73ACA /* Assets.xcassets in Resources */ = {isa = PBXBuildFile; fileRef = 6408CBA121D4113200E73ACA /* Assets.xcassets */; };
		6408CBA521D4113200E73ACA /* LaunchScreen.storyboard in Resources */ = {isa = PBXBuildFile; fileRef = 6408CBA321D4113200E73ACA /* LaunchScreen.storyboard */; };
		6408CBB021D4113200E73ACA /* UMDBusMapTests.swift in Sources */ = {isa = PBXBuildFile; fileRef = 6408CBAF21D4113200E73ACA /* UMDBusMapTests.swift */; };
		6408CBBB21D4113200E73ACA /* UMDBusMapUITests.swift in Sources */ = {isa = PBXBuildFile; fileRef = 6408CBBA21D4113200E73ACA /* UMDBusMapUITests.swift */; };
/* End PBXBuildFile section */

/* Begin PBXContainerItemProxy section */
		6408CBAC21D4113200E73ACA /* PBXContainerItemProxy */ = {
			isa = PBXContainerItemProxy;
			containerPortal = 6408CB8C21D4113000E73ACA /* Project object */;
			proxyType = 1;
			remoteGlobalIDString = 6408CB9321D4113000E73ACA;
			remoteInfo = UMDBusMap;
		};
		6408CBB721D4113200E73ACA /* PBXContainerItemProxy */ = {
			isa = PBXContainerItemProxy;
			containerPortal = 6408CB8C21D4113000E73ACA /* Project object */;
			proxyType = 1;
			remoteGlobalIDString = 6408CB9321D4113000E73ACA;
			remoteInfo = UMDBusMap;
		};
/* End PBXContainerItemProxy section */

/* Begin PBXFileReference section */
		6408CB9421D4113000E73ACA /* UMDBusMap.app */ = {isa = PBXFileReference; explicitFileType = wrapper.application; includeInIndex = 0; path = UMDBusMap.app; sourceTree = BUILT_PRODUCTS_DIR; };
		6408CB9721D4113000E73ACA /* AppDelegate.swift */ = {isa = PBXFileReference; lastKnownFileType = sourcecode.swift; path = AppDelegate.swift; sourceTree = "<group>"; };
		6408CB9921D4113000E73ACA /* ViewController.swift */ = {isa = PBXFileReference; lastKnownFileType = sourcecode.swift; path = ViewController.swift; sourceTree = "<group>"; };
		6408CB9C21D4113000E73ACA /* Base */ = {isa = PBXFileReference; lastKnownFileType = file.storyboard; name = Base; path = Base.lproj/Main.storyboard; sourceTree = "<group>"; };
		6408CB9F21D4113000E73ACA /* UMDBusMap.xcdatamodel */ = {isa = PBXFileReference; lastKnownFileType = wrapper.xcdatamodel; path = UMDBusMap.xcdatamodel; sourceTree = "<group>"; };
		6408CBA121D4113200E73ACA /* Assets.xcassets */ = {isa = PBXFileReference; lastKnownFileType = folder.assetcatalog; path = Assets.xcassets; sourceTree = "<group>"; };
		6408CBA421D4113200E73ACA /* Base */ = {isa = PBXFileReference; lastKnownFileType = file.storyboard; name = Base; path = Base.lproj/LaunchScreen.storyboard; sourceTree = "<group>"; };
		6408CBA621D4113200E73ACA /* Info.plist */ = {isa = PBXFileReference; lastKnownFileType = text.plist.xml; path = Info.plist; sourceTree = "<group>"; };
		6408CBAB21D4113200E73ACA /* UMDBusMapTests.xctest */ = {isa = PBXFileReference; explicitFileType = wrapper.cfbundle; includeInIndex = 0; path = UMDBusMapTests.xctest; sourceTree = BUILT_PRODUCTS_DIR; };
		6408CBAF21D4113200E73ACA /* UMDBusMapTests.swift */ = {isa = PBXFileReference; lastKnownFileType = sourcecode.swift; path = UMDBusMapTests.swift; sourceTree = "<group>"; };
		6408CBB121D4113200E73ACA /* Info.plist */ = {isa = PBXFileReference; lastKnownFileType = text.plist.xml; path = Info.plist; sourceTree = "<group>"; };
		6408CBB621D4113200E73ACA /* UMDBusMapUITests.xctest */ = {isa = PBXFileReference; explicitFileType = wrapper.cfbundle; includeInIndex = 0; path = UMDBusMapUITests.xctest; sourceTree = BUILT_PRODUCTS_DIR; };
		6408CBBA21D4113200E73ACA /* UMDBusMapUITests.swift */ = {isa = PBXFileReference; lastKnownFileType = sourcecode.swift; path = UMDBusMapUITests.swift; sourceTree = "<group>"; };
		6408CBBC21D4113200E73ACA /* Info.plist */ = {isa = PBXFileReference; lastKnownFileType = text.plist.xml; path = Info.plist; sourceTree = "<group>"; };
/* End PBXFileReference section */

/* Begin PBXFrameworksBuildPhase section */
		6408CB9121D4113000E73ACA /* Frameworks */ = {
			isa = PBXFrameworksBuildPhase;
			buildActionMask = 2147483647;
			files = (
			);
			runOnlyForDeploymentPostprocessing = 0;
		};
		6408CBA821D4113200E73ACA /* Frameworks */ = {
			isa = PBXFrameworksBuildPhase;
			buildActionMask = 2147483647;
			files = (
			);
			runOnlyForDeploymentPostprocessing = 0;
		};
		6408CBB321D4113200E73ACA /* Frameworks */ = {
			isa = PBXFrameworksBuildPhase;
			buildActionMask = 2147483647;
			files = (
			);
			runOnlyForDeploymentPostprocessing = 0;
		};
/* End PBXFrameworksBuildPhase section */

/* Begin PBXGroup section */
		6408CB8B21D4113000E73ACA = {
			isa = PBXGroup;
			children = (
				6408CB9621D4113000E73ACA /* UMDBusMap */,
				6408CBAE21D4113200E73ACA /* UMDBusMapTests */,
				6408CBB921D4113200E73ACA /* UMDBusMapUITests */,
				6408CB9521D4113000E73ACA /* Products */,
			);
			sourceTree = "<group>";
		};
		6408CB9521D4113000E73ACA /* Products */ = {
			isa = PBXGroup;
			children = (
				6408CB9421D4113000E73ACA /* UMDBusMap.app */,
				6408CBAB21D4113200E73ACA /* UMDBusMapTests.xctest */,
				6408CBB621D4113200E73ACA /* UMDBusMapUITests.xctest */,
			);
			name = Products;
			sourceTree = "<group>";
		};
		6408CB9621D4113000E73ACA /* UMDBusMap */ = {
			isa = PBXGroup;
			children = (
				6408CB9721D4113000E73ACA /* AppDelegate.swift */,
				6408CB9921D4113000E73ACA /* ViewController.swift */,
				6408CB9B21D4113000E73ACA /* Main.storyboard */,
				6408CBA121D4113200E73ACA /* Assets.xcassets */,
				6408CBA321D4113200E73ACA /* LaunchScreen.storyboard */,
				6408CBA621D4113200E73ACA /* Info.plist */,
				6408CB9E21D4113000E73ACA /* UMDBusMap.xcdatamodeld */,
			);
			path = UMDBusMap;
			sourceTree = "<group>";
		};
		6408CBAE21D4113200E73ACA /* UMDBusMapTests */ = {
			isa = PBXGroup;
			children = (
				6408CBAF21D4113200E73ACA /* UMDBusMapTests.swift */,
				6408CBB121D4113200E73ACA /* Info.plist */,
			);
			path = UMDBusMapTests;
			sourceTree = "<group>";
		};
		6408CBB921D4113200E73ACA /* UMDBusMapUITests */ = {
			isa = PBXGroup;
			children = (
				6408CBBA21D4113200E73ACA /* UMDBusMapUITests.swift */,
				6408CBBC21D4113200E73ACA /* Info.plist */,
			);
			path = UMDBusMapUITests;
			sourceTree = "<group>";
		};
/* End PBXGroup section */

/* Begin PBXNativeTarget section */
		6408CB9321D4113000E73ACA /* UMDBusMap */ = {
			isa = PBXNativeTarget;
			buildConfigurationList = 6408CBBF21D4113200E73ACA /* Build configuration list for PBXNativeTarget "UMDBusMap" */;
			buildPhases = (
				6408CB9021D4113000E73ACA /* Sources */,
				6408CB9121D4113000E73ACA /* Frameworks */,
				6408CB9221D4113000E73ACA /* Resources */,
			);
			buildRules = (
			);
			dependencies = (
			);
			name = UMDBusMap;
			productName = UMDBusMap;
			productReference = 6408CB9421D4113000E73ACA /* UMDBusMap.app */;
			productType = "com.apple.product-type.application";
		};
		6408CBAA21D4113200E73ACA /* UMDBusMapTests */ = {
			isa = PBXNativeTarget;
			buildConfigurationList = 6408CBC221D4113200E73ACA /* Build configuration list for PBXNativeTarget "UMDBusMapTests" */;
			buildPhases = (
				6408CBA721D4113200E73ACA /* Sources */,
				6408CBA821D4113200E73ACA /* Frameworks */,
				6408CBA921D4113200E73ACA /* Resources */,
			);
			buildRules = (
			);
			dependencies = (
				6408CBAD21D4113200E73ACA /* PBXTargetDependency */,
			);
			name = UMDBusMapTests;
			productName = UMDBusMapTests;
			productReference = 6408CBAB21D4113200E73ACA /* UMDBusMapTests.xctest */;
			productType = "com.apple.product-type.bundle.unit-test";
		};
		6408CBB521D4113200E73ACA /* UMDBusMapUITests */ = {
			isa = PBXNativeTarget;
			buildConfigurationList = 6408CBC521D4113200E73ACA /* Build configuration list for PBXNativeTarget "UMDBusMapUITests" */;
			buildPhases = (
				6408CBB221D4113200E73ACA /* Sources */,
				6408CBB321D4113200E73ACA /* Frameworks */,
				6408CBB421D4113200E73ACA /* Resources */,
			);
			buildRules = (
			);
			dependencies = (
				6408CBB821D4113200E73ACA /* PBXTargetDependency */,
			);
			name = UMDBusMapUITests;
			productName = UMDBusMapUITests;
			productReference = 6408CBB621D4113200E73ACA /* UMDBusMapUITests.xctest */;
			productType = "com.apple.product-type.bundle.ui-testing";
		};
/* End PBXNativeTarget section */

/* Begin PBXProject section */
		6408CB8C21D4113000E73ACA /* Project object */ = {
			isa = PBXProject;
			attributes = {
				LastSwiftUpdateCheck = 1000;
				LastUpgradeCheck = 1000;
				ORGANIZATIONNAME = "Kristine Otto";
				TargetAttributes = {
					6408CB9321D4113000E73ACA = {
						CreatedOnToolsVersion = 10.0;
					};
					6408CBAA21D4113200E73ACA = {
						CreatedOnToolsVersion = 10.0;
						TestTargetID = 6408CB9321D4113000E73ACA;
					};
					6408CBB521D4113200E73ACA = {
						CreatedOnToolsVersion = 10.0;
						TestTargetID = 6408CB9321D4113000E73ACA;
					};
				};
			};
			buildConfigurationList = 6408CB8F21D4113000E73ACA /* Build configuration list for PBXProject "UMDBusMap" */;
			compatibilityVersion = "Xcode 9.3";
			developmentRegion = en;
			hasScannedForEncodings = 0;
			knownRegions = (
				en,
				Base,
			);
			mainGroup = 6408CB8B21D4113000E73ACA;
			productRefGroup = 6408CB9521D4113000E73ACA /* Products */;
			projectDirPath = "";
			projectRoot = "";
			targets = (
				6408CB9321D4113000E73ACA /* UMDBusMap */,
				6408CBAA21D4113200E73ACA /* UMDBusMapTests */,
				6408CBB521D4113200E73ACA /* UMDBusMapUITests */,
			);
		};
/* End PBXProject section */

/* Begin PBXResourcesBuildPhase section */
		6408CB9221D4113000E73ACA /* Resources */ = {
			isa = PBXResourcesBuildPhase;
			buildActionMask = 2147483647;
			files = (
				6408CBA521D4113200E73ACA /* LaunchScreen.storyboard in Resources */,
				6408CBA221D4113200E73ACA /* Assets.xcassets in Resources */,
				6408CB9D21D4113000E73ACA /* Main.storyboard in Resources */,
			);
			runOnlyForDeploymentPostprocessing = 0;
		};
		6408CBA921D4113200E73ACA /* Resources */ = {
			isa = PBXResourcesBuildPhase;
			buildActionMask = 2147483647;
			files = (
			);
			runOnlyForDeploymentPostprocessing = 0;
		};
		6408CBB421D4113200E73ACA /* Resources */ = {
			isa = PBXResourcesBuildPhase;
			buildActionMask = 2147483647;
			files = (
			);
			runOnlyForDeploymentPostprocessing = 0;
		};
/* End PBXResourcesBuildPhase section */

/* Begin PBXSourcesBuildPhase section */
		6408CB9021D4113000E73ACA /* Sources */ = {
			isa = PBXSourcesBuildPhase;
			buildActionMask = 2147483647;
			files = (
				6408CBA021D4113000E73ACA /* UMDBusMap.xcdatamodeld in Sources */,
				6408CB9A21D4113000E73ACA /* ViewController.swift in Sources */,
				6408CB9821D4113000E73ACA /* AppDelegate.swift in Sources */,
			);
			runOnlyForDeploymentPostprocessing = 0;
		};
		6408CBA721D4113200E73ACA /* Sources */ = {
			isa = PBXSourcesBuildPhase;
			buildActionMask = 2147483647;
			files = (
				6408CBB021D4113200E73ACA /* UMDBusMapTests.swift in Sources */,
			);
			runOnlyForDeploymentPostprocessing = 0;
		};
		6408CBB221D4113200E73ACA /* Sources */ = {
			isa = PBXSourcesBuildPhase;
			buildActionMask = 2147483647;
			files = (
				6408CBBB21D4113200E73ACA /* UMDBusMapUITests.swift in Sources */,
			);
			runOnlyForDeploymentPostprocessing = 0;
		};
/* End PBXSourcesBuildPhase section */

/* Begin PBXTargetDependency section */
		6408CBAD21D4113200E73ACA /* PBXTargetDependency */ = {
			isa = PBXTargetDependency;
			target = 6408CB9321D4113000E73ACA /* UMDBusMap */;
			targetProxy = 6408CBAC21D4113200E73ACA /* PBXContainerItemProxy */;
		};
		6408CBB821D4113200E73ACA /* PBXTargetDependency */ = {
			isa = PBXTargetDependency;
			target = 6408CB9321D4113000E73ACA /* UMDBusMap */;
			targetProxy = 6408CBB721D4113200E73ACA /* PBXContainerItemProxy */;
		};
/* End PBXTargetDependency section */

/* Begin PBXVariantGroup section */
		6408CB9B21D4113000E73ACA /* Main.storyboard */ = {
			isa = PBXVariantGroup;
			children = (
				6408CB9C21D4113000E73ACA /* Base */,
			);
			name = Main.storyboard;
			sourceTree = "<group>";
		};
		6408CBA321D4113200E73ACA /* LaunchScreen.storyboard */ = {
			isa = PBXVariantGroup;
			children = (
				6408CBA421D4113200E73ACA /* Base */,
			);
			name = LaunchScreen.storyboard;
			sourceTree = "<group>";
		};
/* End PBXVariantGroup section */

/* Begin XCBuildConfiguration section */
		6408CBBD21D4113200E73ACA /* Debug */ = {
			isa = XCBuildConfiguration;
			buildSettings = {
				ALWAYS_SEARCH_USER_PATHS = NO;
				CLANG_ANALYZER_NONNULL = YES;
				CLANG_ANALYZER_NUMBER_OBJECT_CONVERSION = YES_AGGRESSIVE;
				CLANG_CXX_LANGUAGE_STANDARD = "gnu++14";
				CLANG_CXX_LIBRARY = "libc++";
				CLANG_ENABLE_MODULES = YES;
				CLANG_ENABLE_OBJC_ARC = YES;
				CLANG_ENABLE_OBJC_WEAK = YES;
				CLANG_WARN_BLOCK_CAPTURE_AUTORELEASING = YES;
				CLANG_WARN_BOOL_CONVERSION = YES;
				CLANG_WARN_COMMA = YES;
				CLANG_WARN_CONSTANT_CONVERSION = YES;
				CLANG_WARN_DEPRECATED_OBJC_IMPLEMENTATIONS = YES;
				CLANG_WARN_DIRECT_OBJC_ISA_USAGE = YES_ERROR;
				CLANG_WARN_DOCUMENTATION_COMMENTS = YES;
				CLANG_WARN_EMPTY_BODY = YES;
				CLANG_WARN_ENUM_CONVERSION = YES;
				CLANG_WARN_INFINITE_RECURSION = YES;
				CLANG_WARN_INT_CONVERSION = YES;
				CLANG_WARN_NON_LITERAL_NULL_CONVERSION = YES;
				CLANG_WARN_OBJC_IMPLICIT_RETAIN_SELF = YES;
				CLANG_WARN_OBJC_LITERAL_CONVERSION = YES;
				CLANG_WARN_OBJC_ROOT_CLASS = YES_ERROR;
				CLANG_WARN_RANGE_LOOP_ANALYSIS = YES;
				CLANG_WARN_STRICT_PROTOTYPES = YES;
				CLANG_WARN_SUSPICIOUS_MOVE = YES;
				CLANG_WARN_UNGUARDED_AVAILABILITY = YES_AGGRESSIVE;
				CLANG_WARN_UNREACHABLE_CODE = YES;
				CLANG_WARN__DUPLICATE_METHOD_MATCH = YES;
				CODE_SIGN_IDENTITY = "iPhone Developer";
				COPY_PHASE_STRIP = NO;
				DEBUG_INFORMATION_FORMAT = dwarf;
				ENABLE_STRICT_OBJC_MSGSEND = YES;
				ENABLE_TESTABILITY = YES;
				GCC_C_LANGUAGE_STANDARD = gnu11;
				GCC_DYNAMIC_NO_PIC = NO;
				GCC_NO_COMMON_BLOCKS = YES;
				GCC_OPTIMIZATION_LEVEL = 0;
				GCC_PREPROCESSOR_DEFINITIONS = (
					"DEBUG=1",
					"$(inherited)",
				);
				GCC_WARN_64_TO_32_BIT_CONVERSION = YES;
				GCC_WARN_ABOUT_RETURN_TYPE = YES_ERROR;
				GCC_WARN_UNDECLARED_SELECTOR = YES;
				GCC_WARN_UNINITIALIZED_AUTOS = YES_AGGRESSIVE;
				GCC_WARN_UNUSED_FUNCTION = YES;
				GCC_WARN_UNUSED_VARIABLE = YES;
				IPHONEOS_DEPLOYMENT_TARGET = 12.0;
				MTL_ENABLE_DEBUG_INFO = INCLUDE_SOURCE;
				MTL_FAST_MATH = YES;
				ONLY_ACTIVE_ARCH = YES;
				SDKROOT = iphoneos;
				SWIFT_ACTIVE_COMPILATION_CONDITIONS = DEBUG;
				SWIFT_OPTIMIZATION_LEVEL = "-Onone";
			};
			name = Debug;
		};
		6408CBBE21D4113200E73ACA /* Release */ = {
			isa = XCBuildConfiguration;
			buildSettings = {
				ALWAYS_SEARCH_USER_PATHS = NO;
				CLANG_ANALYZER_NONNULL = YES;
				CLANG_ANALYZER_NUMBER_OBJECT_CONVERSION = YES_AGGRESSIVE;
				CLANG_CXX_LANGUAGE_STANDARD = "gnu++14";
				CLANG_CXX_LIBRARY = "libc++";
				CLANG_ENABLE_MODULES = YES;
				CLANG_ENABLE_OBJC_ARC = YES;
				CLANG_ENABLE_OBJC_WEAK = YES;
				CLANG_WARN_BLOCK_CAPTURE_AUTORELEASING = YES;
				CLANG_WARN_BOOL_CONVERSION = YES;
				CLANG_WARN_COMMA = YES;
				CLANG_WARN_CONSTANT_CONVERSION = YES;
				CLANG_WARN_DEPRECATED_OBJC_IMPLEMENTATIONS = YES;
				CLANG_WARN_DIRECT_OBJC_ISA_USAGE = YES_ERROR;
				CLANG_WARN_DOCUMENTATION_COMMENTS = YES;
				CLANG_WARN_EMPTY_BODY = YES;
				CLANG_WARN_ENUM_CONVERSION = YES;
				CLANG_WARN_INFINITE_RECURSION = YES;
				CLANG_WARN_INT_CONVERSION = YES;
				CLANG_WARN_NON_LITERAL_NULL_CONVERSION = YES;
				CLANG_WARN_OBJC_IMPLICIT_RETAIN_SELF = YES;
				CLANG_WARN_OBJC_LITERAL_CONVERSION = YES;
				CLANG_WARN_OBJC_ROOT_CLASS = YES_ERROR;
				CLANG_WARN_RANGE_LOOP_ANALYSIS = YES;
				CLANG_WARN_STRICT_PROTOTYPES = YES;
				CLANG_WARN_SUSPICIOUS_MOVE = YES;
				CLANG_WARN_UNGUARDED_AVAILABILITY = YES_AGGRESSIVE;
				CLANG_WARN_UNREACHABLE_CODE = YES;
				CLANG_WARN__DUPLICATE_METHOD_MATCH = YES;
				CODE_SIGN_IDENTITY = "iPhone Developer";
				COPY_PHASE_STRIP = NO;
				DEBUG_INFORMATION_FORMAT = "dwarf-with-dsym";
				ENABLE_NS_ASSERTIONS = NO;
				ENABLE_STRICT_OBJC_MSGSEND = YES;
				GCC_C_LANGUAGE_STANDARD = gnu11;
				GCC_NO_COMMON_BLOCKS = YES;
				GCC_WARN_64_TO_32_BIT_CONVERSION = YES;
				GCC_WARN_ABOUT_RETURN_TYPE = YES_ERROR;
				GCC_WARN_UNDECLARED_SELECTOR = YES;
				GCC_WARN_UNINITIALIZED_AUTOS = YES_AGGRESSIVE;
				GCC_WARN_UNUSED_FUNCTION = YES;
				GCC_WARN_UNUSED_VARIABLE = YES;
				IPHONEOS_DEPLOYMENT_TARGET = 12.0;
				MTL_ENABLE_DEBUG_INFO = NO;
				MTL_FAST_MATH = YES;
				SDKROOT = iphoneos;
				SWIFT_COMPILATION_MODE = wholemodule;
				SWIFT_OPTIMIZATION_LEVEL = "-O";
				VALIDATE_PRODUCT = YES;
			};
			name = Release;
		};
		6408CBC021D4113200E73ACA /* Debug */ = {
			isa = XCBuildConfiguration;
			buildSettings = {
				ASSETCATALOG_COMPILER_APPICON_NAME = AppIcon;
				CODE_SIGN_STYLE = Automatic;
				DEVELOPMENT_TEAM = 25JZKQ2C55;
				INFOPLIST_FILE = UMDBusMap/Info.plist;
				LD_RUNPATH_SEARCH_PATHS = (
					"$(inherited)",
					"@executable_path/Frameworks",
				);
				PRODUCT_BUNDLE_IDENTIFIER = kristineotto.UMDBusMap;
				PRODUCT_NAME = "$(TARGET_NAME)";
				SWIFT_VERSION = 4.2;
				TARGETED_DEVICE_FAMILY = "1,2";
			};
			name = Debug;
		};
		6408CBC121D4113200E73ACA /* Release */ = {
			isa = XCBuildConfiguration;
			buildSettings = {
				ASSETCATALOG_COMPILER_APPICON_NAME = AppIcon;
				CODE_SIGN_STYLE = Automatic;
				DEVELOPMENT_TEAM = 25JZKQ2C55;
				INFOPLIST_FILE = UMDBusMap/Info.plist;
				LD_RUNPATH_SEARCH_PATHS = (
					"$(inherited)",
					"@executable_path/Frameworks",
				);
				PRODUCT_BUNDLE_IDENTIFIER = kristineotto.UMDBusMap;
				PRODUCT_NAME = "$(TARGET_NAME)";
				SWIFT_VERSION = 4.2;
				TARGETED_DEVICE_FAMILY = "1,2";
			};
			name = Release;
		};
		6408CBC321D4113200E73ACA /* Debug */ = {
			isa = XCBuildConfiguration;
			buildSettings = {
				ALWAYS_EMBED_SWIFT_STANDARD_LIBRARIES = YES;
				BUNDLE_LOADER = "$(TEST_HOST)";
				CODE_SIGN_STYLE = Automatic;
				DEVELOPMENT_TEAM = 25JZKQ2C55;
				INFOPLIST_FILE = UMDBusMapTests/Info.plist;
				LD_RUNPATH_SEARCH_PATHS = (
					"$(inherited)",
					"@executable_path/Frameworks",
					"@loader_path/Frameworks",
				);
				PRODUCT_BUNDLE_IDENTIFIER = kristineotto.UMDBusMapTests;
				PRODUCT_NAME = "$(TARGET_NAME)";
				SWIFT_VERSION = 4.2;
				TARGETED_DEVICE_FAMILY = "1,2";
				TEST_HOST = "$(BUILT_PRODUCTS_DIR)/UMDBusMap.app/UMDBusMap";
			};
			name = Debug;
		};
		6408CBC421D4113200E73ACA /* Release */ = {
			isa = XCBuildConfiguration;
			buildSettings = {
				ALWAYS_EMBED_SWIFT_STANDARD_LIBRARIES = YES;
				BUNDLE_LOADER = "$(TEST_HOST)";
				CODE_SIGN_STYLE = Automatic;
				DEVELOPMENT_TEAM = 25JZKQ2C55;
				INFOPLIST_FILE = UMDBusMapTests/Info.plist;
				LD_RUNPATH_SEARCH_PATHS = (
					"$(inherited)",
					"@executable_path/Frameworks",
					"@loader_path/Frameworks",
				);
				PRODUCT_BUNDLE_IDENTIFIER = kristineotto.UMDBusMapTests;
				PRODUCT_NAME = "$(TARGET_NAME)";
				SWIFT_VERSION = 4.2;
				TARGETED_DEVICE_FAMILY = "1,2";
				TEST_HOST = "$(BUILT_PRODUCTS_DIR)/UMDBusMap.app/UMDBusMap";
			};
			name = Release;
		};
		6408CBC621D4113200E73ACA /* Debug */ = {
			isa = XCBuildConfiguration;
			buildSettings = {
				ALWAYS_EMBED_SWIFT_STANDARD_LIBRARIES = YES;
				CODE_SIGN_STYLE = Automatic;
				DEVELOPMENT_TEAM = 25JZKQ2C55;
				INFOPLIST_FILE = UMDBusMapUITests/Info.plist;
				LD_RUNPATH_SEARCH_PATHS = (
					"$(inherited)",
					"@executable_path/Frameworks",
					"@loader_path/Frameworks",
				);
				PRODUCT_BUNDLE_IDENTIFIER = kristineotto.UMDBusMapUITests;
				PRODUCT_NAME = "$(TARGET_NAME)";
				SWIFT_VERSION = 4.2;
				TARGETED_DEVICE_FAMILY = "1,2";
				TEST_TARGET_NAME = UMDBusMap;
			};
			name = Debug;
		};
		6408CBC721D4113200E73ACA /* Release */ = {
			isa = XCBuildConfiguration;
			buildSettings = {
				ALWAYS_EMBED_SWIFT_STANDARD_LIBRARIES = YES;
				CODE_SIGN_STYLE = Automatic;
				DEVELOPMENT_TEAM = 25JZKQ2C55;
				INFOPLIST_FILE = UMDBusMapUITests/Info.plist;
				LD_RUNPATH_SEARCH_PATHS = (
					"$(inherited)",
					"@executable_path/Frameworks",
					"@loader_path/Frameworks",
				);
				PRODUCT_BUNDLE_IDENTIFIER = kristineotto.UMDBusMapUITests;
				PRODUCT_NAME = "$(TARGET_NAME)";
				SWIFT_VERSION = 4.2;
				TARGETED_DEVICE_FAMILY = "1,2";
				TEST_TARGET_NAME = UMDBusMap;
			};
			name = Release;
		};
/* End XCBuildConfiguration section */

/* Begin XCConfigurationList section */
		6408CB8F21D4113000E73ACA /* Build configuration list for PBXProject "UMDBusMap" */ = {
			isa = XCConfigurationList;
			buildConfigurations = (
				6408CBBD21D4113200E73ACA /* Debug */,
				6408CBBE21D4113200E73ACA /* Release */,
			);
			defaultConfigurationIsVisible = 0;
			defaultConfigurationName = Release;
		};
		6408CBBF21D4113200E73ACA /* Build configuration list for PBXNativeTarget "UMDBusMap" */ = {
			isa = XCConfigurationList;
			buildConfigurations = (
				6408CBC021D4113200E73ACA /* Debug */,
				6408CBC121D4113200E73ACA /* Release */,
			);
			defaultConfigurationIsVisible = 0;
			defaultConfigurationName = Release;
		};
		6408CBC221D4113200E73ACA /* Build configuration list for PBXNativeTarget "UMDBusMapTests" */ = {
			isa = XCConfigurationList;
			buildConfigurations = (
				6408CBC321D4113200E73ACA /* Debug */,
				6408CBC421D4113200E73ACA /* Release */,
			);
			defaultConfigurationIsVisible = 0;
			defaultConfigurationName = Release;
		};
		6408CBC521D4113200E73ACA /* Build configuration list for PBXNativeTarget "UMDBusMapUITests" */ = {
			isa = XCConfigurationList;
			buildConfigurations = (
				6408CBC621D4113200E73ACA /* Debug */,
				6408CBC721D4113200E73ACA /* Release */,
			);
			defaultConfigurationIsVisible = 0;
			defaultConfigurationName = Release;
		};
/* End XCConfigurationList section */

/* Begin XCVersionGroup section */
		6408CB9E21D4113000E73ACA /* UMDBusMap.xcdatamodeld */ = {
			isa = XCVersionGroup;
			children = (
				6408CB9F21D4113000E73ACA /* UMDBusMap.xcdatamodel */,
			);
			currentVersion = 6408CB9F21D4113000E73ACA /* UMDBusMap.xcdatamodel */;
			path = UMDBusMap.xcdatamodeld;
			sourceTree = "<group>";
			versionGroupType = wrapper.xcdatamodel;
		};
/* End XCVersionGroup section */
	};
	rootObject = 6408CB8C21D4113000E73ACA /* Project object */;
}
